
Microsoft Visual Studio Solution File, Format Version 11.00
# Visual Studio 2010
Project("{FAE04EC0-301F-11D3-BF4B-00C04F79EFBC}") = "GUI", "GUI\GUI.csproj", "{CD84D7D8-30EC-463E-92A2-CEE30FB5C691}"
EndProject
Project("{FAE04EC0-301F-11D3-BF4B-00C04F79EFBC}") = "BizLogic", "BO\BizLogic.csproj", "{E21EDCE8-F6B4-414D-B8A5-03FEB7548908}"
EndProject
Project("{FAE04EC0-301F-11D3-BF4B-00C04F79EFBC}") = "Entities", "Entity\Entities.csproj", "{F7D1273A-B739-4C8B-A683-CD072A5997B2}"
EndProject
Project("{FAE04EC0-301F-11D3-BF4B-00C04F79EFBC}") = "DAL", "DAL\DAL.csproj", "{D0C1AE1B-2B3E-4480-AC7F-F8A6947B2CAE}"
EndProject
Project("{FAE04EC0-301F-11D3-BF4B-00C04F79EFBC}") = "HardWare", "HardWare\HardWare.csproj", "{6FD84035-D7CF-46EE-A0B6-F4C857299B6A}"
EndProject
Project("{FAE04EC0-301F-11D3-BF4B-00C04F79EFBC}") = "Common", "Common\Common.csproj", "{60B10BA6-C46C-4C48-BD96-EE84935CAF24}"
EndProject
Project("{FAE04EC0-301F-11D3-BF4B-00C04F79EFBC}") = "Server-Client", "Server-Client\Server-Client.csproj", "{861F0114-E34F-49CB-97F9-E1CE0E4073D1}"
EndProject
Global
	GlobalSection(SubversionScc) = preSolution
		Svn-Managed = True
		Manager = AnkhSVN - Subversion Support for Visual Studio
	EndGlobalSection
	GlobalSection(SolutionConfigurationPlatforms) = preSolution
		Debug|Any CPU = Debug|Any CPU
		Debug|Mixed Platforms = Debug|Mixed Platforms
		Debug|x86 = Debug|x86
		Release|Any CPU = Release|Any CPU
		Release|Mixed Platforms = Release|Mixed Platforms
		Release|x86 = Release|x86
	EndGlobalSection
	GlobalSection(ProjectConfigurationPlatforms) = postSolution
		{CD84D7D8-30EC-463E-92A2-CEE30FB5C691}.Debug|Any CPU.ActiveCfg = Debug|x86
		{CD84D7D8-30EC-463E-92A2-CEE30FB5C691}.Debug|Mixed Platforms.ActiveCfg = Debug|x86
		{CD84D7D8-30EC-463E-92A2-CEE30FB5C691}.Debug|Mixed Platforms.Build.0 = Debug|x86
		{CD84D7D8-30EC-463E-92A2-CEE30FB5C691}.Debug|x86.ActiveCfg = Debug|x86
		{CD84D7D8-30EC-463E-92A2-CEE30FB5C691}.Debug|x86.Build.0 = Debug|x86
		{CD84D7D8-30EC-463E-92A2-CEE30FB5C691}.Release|Any CPU.ActiveCfg = Release|x86
		{CD84D7D8-30EC-463E-92A2-CEE30FB5C691}.Release|Mixed Platforms.ActiveCfg = Release|x86
		{CD84D7D8-30EC-463E-92A2-CEE30FB5C691}.Release|Mixed Platforms.Build.0 = Release|x86
		{CD84D7D8-30EC-463E-92A2-CEE30FB5C691}.Release|x86.ActiveCfg = Release|x86
		{CD84D7D8-30EC-463E-92A2-CEE30FB5C691}.Release|x86.Build.0 = Release|x86
		{E21EDCE8-F6B4-414D-B8A5-03FEB7548908}.Debug|Any CPU.ActiveCfg = Debug|Any CPU
		{E21EDCE8-F6B4-414D-B8A5-03FEB7548908}.Debug|Any CPU.Build.0 = Debug|Any CPU
		{E21EDCE8-F6B4-414D-B8A5-03FEB7548908}.Debug|Mixed Platforms.ActiveCfg = Debug|Any CPU
		{E21EDCE8-F6B4-414D-B8A5-03FEB7548908}.Debug|Mixed Platforms.Build.0 = Debug|Any CPU
		{E21EDCE8-F6B4-414D-B8A5-03FEB7548908}.Debug|x86.ActiveCfg = Debug|Any CPU
		{E21EDCE8-F6B4-414D-B8A5-03FEB7548908}.Release|Any CPU.ActiveCfg = Release|Any CPU
		{E21EDCE8-F6B4-414D-B8A5-03FEB7548908}.Release|Any CPU.Build.0 = Release|Any CPU
		{E21EDCE8-F6B4-414D-B8A5-03FEB7548908}.Release|Mixed Platforms.ActiveCfg = Release|Any CPU
		{E21EDCE8-F6B4-414D-B8A5-03FEB7548908}.Release|Mixed Platforms.Build.0 = Release|Any CPU
		{E21EDCE8-F6B4-414D-B8A5-03FEB7548908}.Release|x86.ActiveCfg = Release|Any CPU
		{F7D1273A-B739-4C8B-A683-CD072A5997B2}.Debug|Any CPU.ActiveCfg = Debug|Any CPU
		{F7D1273A-B739-4C8B-A683-CD072A5997B2}.Debug|Any CPU.Build.0 = Debug|Any CPU
		{F7D1273A-B739-4C8B-A683-CD072A5997B2}.Debug|Mixed Platforms.ActiveCfg = Debug|Any CPU
		{F7D1273A-B739-4C8B-A683-CD072A5997B2}.Debug|Mixed Platforms.Build.0 = Debug|Any CPU
		{F7D1273A-B739-4C8B-A683-CD072A5997B2}.Debug|x86.ActiveCfg = Debug|Any CPU
		{F7D1273A-B739-4C8B-A683-CD072A5997B2}.Release|Any CPU.ActiveCfg = Release|Any CPU
		{F7D1273A-B739-4C8B-A683-CD072A5997B2}.Release|Any CPU.Build.0 = Release|Any CPU
		{F7D1273A-B739-4C8B-A683-CD072A5997B2}.Release|Mixed Platforms.ActiveCfg = Release|Any CPU
		{F7D1273A-B739-4C8B-A683-CD072A5997B2}.Release|Mixed Platforms.Build.0 = Release|Any CPU
		{F7D1273A-B739-4C8B-A683-CD072A5997B2}.Release|x86.ActiveCfg = Release|Any CPU
		{D0C1AE1B-2B3E-4480-AC7F-F8A6947B2CAE}.Debug|Any CPU.ActiveCfg = Debug|Any CPU
		{D0C1AE1B-2B3E-4480-AC7F-F8A6947B2CAE}.Debug|Any CPU.Build.0 = Debug|Any CPU
		{D0C1AE1B-2B3E-4480-AC7F-F8A6947B2CAE}.Debug|Mixed Platforms.ActiveCfg = Debug|Any CPU
		{D0C1AE1B-2B3E-4480-AC7F-F8A6947B2CAE}.Debug|Mixed Platforms.Build.0 = Debug|Any CPU
		{D0C1AE1B-2B3E-4480-AC7F-F8A6947B2CAE}.Debug|x86.ActiveCfg = Debug|Any CPU
		{D0C1AE1B-2B3E-4480-AC7F-F8A6947B2CAE}.Release|Any CPU.ActiveCfg = Release|Any CPU
		{D0C1AE1B-2B3E-4480-AC7F-F8A6947B2CAE}.Release|Any CPU.Build.0 = Release|Any CPU
		{D0C1AE1B-2B3E-4480-AC7F-F8A6947B2CAE}.Release|Mixed Platforms.ActiveCfg = Release|Any CPU
		{D0C1AE1B-2B3E-4480-AC7F-F8A6947B2CAE}.Release|Mixed Platforms.Build.0 = Release|Any CPU
		{D0C1AE1B-2B3E-4480-AC7F-F8A6947B2CAE}.Release|x86.ActiveCfg = Release|Any CPU
		{6FD84035-D7CF-46EE-A0B6-F4C857299B6A}.Debug|Any CPU.ActiveCfg = Debug|Any CPU
		{6FD84035-D7CF-46EE-A0B6-F4C857299B6A}.Debug|Any CPU.Build.0 = Debug|Any CPU
		{6FD84035-D7CF-46EE-A0B6-F4C857299B6A}.Debug|Mixed Platforms.ActiveCfg = Debug|Any CPU
		{6FD84035-D7CF-46EE-A0B6-F4C857299B6A}.Debug|Mixed Platforms.Build.0 = Debug|Any CPU
		{6FD84035-D7CF-46EE-A0B6-F4C857299B6A}.Debug|x86.ActiveCfg = Debug|Any CPU
		{6FD84035-D7CF-46EE-A0B6-F4C857299B6A}.Release|Any CPU.ActiveCfg = Release|Any CPU
		{6FD84035-D7CF-46EE-A0B6-F4C857299B6A}.Release|Any CPU.Build.0 = Release|Any CPU
		{6FD84035-D7CF-46EE-A0B6-F4C857299B6A}.Release|Mixed Platforms.ActiveCfg = Release|Any CPU
		{6FD84035-D7CF-46EE-A0B6-F4C857299B6A}.Release|Mixed Platforms.Build.0 = Release|Any CPU
		{6FD84035-D7CF-46EE-A0B6-F4C857299B6A}.Release|x86.ActiveCfg = Release|Any CPU
		{60B10BA6-C46C-4C48-BD96-EE84935CAF24}.Debug|Any CPU.ActiveCfg = Debug|Any CPU
		{60B10BA6-C46C-4C48-BD96-EE84935CAF24}.Debug|Any CPU.Build.0 = Debug|Any CPU
		{60B10BA6-C46C-4C48-BD96-EE84935CAF24}.Debug|Mixed Platforms.ActiveCfg = Debug|Any CPU
		{60B10BA6-C46C-4C48-BD96-EE84935CAF24}.Debug|Mixed Platforms.Build.0 = Debug|Any CPU
		{60B10BA6-C46C-4C48-BD96-EE84935CAF24}.Debug|x86.ActiveCfg = Debug|Any CPU
		{60B10BA6-C46C-4C48-BD96-EE84935CAF24}.Release|Any CPU.ActiveCfg = Release|Any CPU
		{60B10BA6-C46C-4C48-BD96-EE84935CAF24}.Release|Any CPU.Build.0 = Release|Any CPU
		{60B10BA6-C46C-4C48-BD96-EE84935CAF24}.Release|Mixed Platforms.ActiveCfg = Release|Any CPU
		{60B10BA6-C46C-4C48-BD96-EE84935CAF24}.Release|Mixed Platforms.Build.0 = Release|Any CPU
		{60B10BA6-C46C-4C48-BD96-EE84935CAF24}.Release|x86.ActiveCfg = Release|Any CPU
		{861F0114-E34F-49CB-97F9-E1CE0E4073D1}.Debug|Any CPU.ActiveCfg = Debug|Any CPU
		{861F0114-E34F-49CB-97F9-E1CE0E4073D1}.Debug|Any CPU.Build.0 = Debug|Any CPU
		{861F0114-E34F-49CB-97F9-E1CE0E4073D1}.Debug|Mixed Platforms.ActiveCfg = Debug|Any CPU
		{861F0114-E34F-49CB-97F9-E1CE0E4073D1}.Debug|Mixed Platforms.Build.0 = Debug|Any CPU
		{861F0114-E34F-49CB-97F9-E1CE0E4073D1}.Debug|x86.ActiveCfg = Debug|Any CPU
		{861F0114-E34F-49CB-97F9-E1CE0E4073D1}.Release|Any CPU.ActiveCfg = Release|Any CPU
		{861F0114-E34F-49CB-97F9-E1CE0E4073D1}.Release|Any CPU.Build.0 = Release|Any CPU
		{861F0114-E34F-49CB-97F9-E1CE0E4073D1}.Release|Mixed Platforms.ActiveCfg = Release|Any CPU
		{861F0114-E34F-49CB-97F9-E1CE0E4073D1}.Release|Mixed Platforms.Build.0 = Release|Any CPU
		{861F0114-E34F-49CB-97F9-E1CE0E4073D1}.Release|x86.ActiveCfg = Release|Any CPU
	EndGlobalSection
	GlobalSection(SolutionProperties) = preSolution
		HideSolutionNode = FALSE
	EndGlobalSection
EndGlobal
